
Microsoft Visual Studio Solution File, Format Version 12.00
# Visual Studio 2013
VisualStudioVersion = 12.0.30501.0
MinimumVisualStudioVersion = 10.0.40219.1
Project("{FAE04EC0-301F-11D3-BF4B-00C04F79EFBC}") = "ChartAgave", "ChartAgave\ChartAgave.csproj", "{9C894055-FDD5-4CBF-9476-ECFA8EE03173}"
EndProject
Project("{FAE04EC0-301F-11D3-BF4B-00C04F79EFBC}") = "ChartAgaveWeb", "ChartAgaveWeb\ChartAgaveWeb.csproj", "{7D863B21-02C1-4F60-BF66-579F79E56F82}"
EndProject
Global
	GlobalSection(TeamFoundationVersionControl) = preSolution
		SccNumberOfProjects = 3
		SccEnterpriseProvider = {4CA58AB2-18FA-4F8D-95D4-32DDF27D184C}
		SccTeamFoundationServer = http://ws-appdev-01:8080/tfs/office
		SccLocalPath0 = .
		SccProjectUniqueName1 = ChartAgave\\ChartAgave.csproj
		SccProjectName1 = ChartAgave
		SccLocalPath1 = ChartAgave
		SccProjectUniqueName2 = ChartAgaveWeb\\ChartAgaveWeb.csproj
		SccProjectName2 = ChartAgaveWeb
		SccLocalPath2 = ChartAgaveWeb
	EndGlobalSection
	GlobalSection(SolutionConfigurationPlatforms) = preSolution
		Debug|Any CPU = Debug|Any CPU
		Debug|ARM = Debug|ARM
		Debug|x86 = Debug|x86
		Release|Any CPU = Release|Any CPU
		Release|ARM = Release|ARM
		Release|x86 = Release|x86
	EndGlobalSection
	GlobalSection(ProjectConfigurationPlatforms) = postSolution
		{9C894055-FDD5-4CBF-9476-ECFA8EE03173}.Debug|Any CPU.ActiveCfg = Debug|Any CPU
		{9C894055-FDD5-4CBF-9476-ECFA8EE03173}.Debug|Any CPU.Build.0 = Debug|Any CPU
		{9C894055-FDD5-4CBF-9476-ECFA8EE03173}.Debug|Any CPU.Deploy.0 = Debug|Any CPU
		{9C894055-FDD5-4CBF-9476-ECFA8EE03173}.Debug|ARM.ActiveCfg = Debug|Any CPU
		{9C894055-FDD5-4CBF-9476-ECFA8EE03173}.Debug|x86.ActiveCfg = Debug|Any CPU
		{9C894055-FDD5-4CBF-9476-ECFA8EE03173}.Release|Any CPU.ActiveCfg = Release|Any CPU
		{9C894055-FDD5-4CBF-9476-ECFA8EE03173}.Release|Any CPU.Build.0 = Release|Any CPU
		{9C894055-FDD5-4CBF-9476-ECFA8EE03173}.Release|Any CPU.Deploy.0 = Release|Any CPU
		{9C894055-FDD5-4CBF-9476-ECFA8EE03173}.Release|ARM.ActiveCfg = Release|Any CPU
		{9C894055-FDD5-4CBF-9476-ECFA8EE03173}.Release|x86.ActiveCfg = Release|Any CPU
		{7D863B21-02C1-4F60-BF66-579F79E56F82}.Debug|Any CPU.ActiveCfg = Debug|Any CPU
		{7D863B21-02C1-4F60-BF66-579F79E56F82}.Debug|Any CPU.Build.0 = Debug|Any CPU
		{7D863B21-02C1-4F60-BF66-579F79E56F82}.Debug|ARM.ActiveCfg = Debug|Any CPU
		{7D863B21-02C1-4F60-BF66-579F79E56F82}.Debug|x86.ActiveCfg = Debug|Any CPU
		{7D863B21-02C1-4F60-BF66-579F79E56F82}.Release|Any CPU.ActiveCfg = Release|Any CPU
		{7D863B21-02C1-4F60-BF66-579F79E56F82}.Release|Any CPU.Build.0 = Release|Any CPU
		{7D863B21-02C1-4F60-BF66-579F79E56F82}.Release|ARM.ActiveCfg = Release|Any CPU
		{7D863B21-02C1-4F60-BF66-579F79E56F82}.Release|x86.ActiveCfg = Release|Any CPU
	EndGlobalSection
	GlobalSection(SolutionProperties) = preSolution
		HideSolutionNode = FALSE
	EndGlobalSection
EndGlobal
